
Microsoft Visual Studio Solution File, Format Version 12.00
# Visual Studio Version 17
VisualStudioVersion = 17.3.32825.248
MinimumVisualStudioVersion = 10.0.40219.1
Project("{FAE04EC0-301F-11D3-BF4B-00C04F79EFBC}") = "uchebs", "uchebs\uchebs.csproj", "{03B10948-ABAF-47C2-B64D-4A8FDFFCA2F5}"
EndProject
Project("{FAE04EC0-301F-11D3-BF4B-00C04F79EFBC}") = "E1", "E1\E1.csproj", "{D8326440-4FC2-4AC0-87DF-CFF4484BF64E}"
EndProject
Project("{FAE04EC0-301F-11D3-BF4B-00C04F79EFBC}") = "E2", "E2\E2.csproj", "{788E58A6-B59F-4040-A1E6-8370E5610FFC}"
EndProject
Global
	GlobalSection(SolutionConfigurationPlatforms) = preSolution
		Debug|Any CPU = Debug|Any CPU
		Release|Any CPU = Release|Any CPU
	EndGlobalSection
	GlobalSection(ProjectConfigurationPlatforms) = postSolution
		{03B10948-ABAF-47C2-B64D-4A8FDFFCA2F5}.Debug|Any CPU.ActiveCfg = Debug|Any CPU
		{03B10948-ABAF-47C2-B64D-4A8FDFFCA2F5}.Debug|Any CPU.Build.0 = Debug|Any CPU
		{03B10948-ABAF-47C2-B64D-4A8FDFFCA2F5}.Release|Any CPU.ActiveCfg = Release|Any CPU
		{03B10948-ABAF-47C2-B64D-4A8FDFFCA2F5}.Release|Any CPU.Build.0 = Release|Any CPU
		{D8326440-4FC2-4AC0-87DF-CFF4484BF64E}.Debug|Any CPU.ActiveCfg = Debug|Any CPU
		{D8326440-4FC2-4AC0-87DF-CFF4484BF64E}.Debug|Any CPU.Build.0 = Debug|Any CPU
		{D8326440-4FC2-4AC0-87DF-CFF4484BF64E}.Release|Any CPU.ActiveCfg = Release|Any CPU
		{D8326440-4FC2-4AC0-87DF-CFF4484BF64E}.Release|Any CPU.Build.0 = Release|Any CPU
		{788E58A6-B59F-4040-A1E6-8370E5610FFC}.Debug|Any CPU.ActiveCfg = Debug|Any CPU
		{788E58A6-B59F-4040-A1E6-8370E5610FFC}.Debug|Any CPU.Build.0 = Debug|Any CPU
		{788E58A6-B59F-4040-A1E6-8370E5610FFC}.Release|Any CPU.ActiveCfg = Release|Any CPU
		{788E58A6-B59F-4040-A1E6-8370E5610FFC}.Release|Any CPU.Build.0 = Release|Any CPU
	EndGlobalSection
	GlobalSection(SolutionProperties) = preSolution
		HideSolutionNode = FALSE
	EndGlobalSection
	GlobalSection(ExtensibilityGlobals) = postSolution
		SolutionGuid = {D66DFD90-EF8C-4F2D-9249-F9487FFDF7B1}
	EndGlobalSection
EndGlobal
