
Microsoft Visual Studio Solution File, Format Version 12.00
# Visual Studio Version 17
VisualStudioVersion = 17.3.32825.248
MinimumVisualStudioVersion = 10.0.40219.1
Project("{FAE04EC0-301F-11D3-BF4B-00C04F79EFBC}") = "uchebs", "uchebs\uchebs.csproj", "{03B10948-ABAF-47C2-B64D-4A8FDFFCA2F5}"
EndProject
Project("{FAE04EC0-301F-11D3-BF4B-00C04F79EFBC}") = "E1", "E1\E1.csproj", "{D8326440-4FC2-4AC0-87DF-CFF4484BF64E}"
EndProject
Project("{FAE04EC0-301F-11D3-BF4B-00C04F79EFBC}") = "E2", "E2\E2.csproj", "{788E58A6-B59F-4040-A1E6-8370E5610FFC}"
EndProject
Project("{FAE04EC0-301F-11D3-BF4B-00C04F79EFBC}") = "E3", "E3\E3.csproj", "{9EFA3FAB-664F-4BA4-81AD-D9E071E501B6}"
EndProject
Project("{FAE04EC0-301F-11D3-BF4B-00C04F79EFBC}") = "E4", "E4\E4.csproj", "{518AF92D-FAC5-4156-B41A-B1A3538642F4}"
EndProject
Project("{FAE04EC0-301F-11D3-BF4B-00C04F79EFBC}") = "ConnectDB", "ConnectDB\ConnectDB.csproj", "{51236F79-A60D-4777-A181-55BD39961404}"
EndProject
Project("{FAE04EC0-301F-11D3-BF4B-00C04F79EFBC}") = "E5", "E5\E5.csproj", "{62FFA399-65E7-4A7A-88BF-58471CC6CDE0}"
EndProject
Global
	GlobalSection(SolutionConfigurationPlatforms) = preSolution
		Debug|Any CPU = Debug|Any CPU
		Release|Any CPU = Release|Any CPU
	EndGlobalSection
	GlobalSection(ProjectConfigurationPlatforms) = postSolution
		{03B10948-ABAF-47C2-B64D-4A8FDFFCA2F5}.Debug|Any CPU.ActiveCfg = Debug|Any CPU
		{03B10948-ABAF-47C2-B64D-4A8FDFFCA2F5}.Debug|Any CPU.Build.0 = Debug|Any CPU
		{03B10948-ABAF-47C2-B64D-4A8FDFFCA2F5}.Release|Any CPU.ActiveCfg = Release|Any CPU
		{03B10948-ABAF-47C2-B64D-4A8FDFFCA2F5}.Release|Any CPU.Build.0 = Release|Any CPU
		{D8326440-4FC2-4AC0-87DF-CFF4484BF64E}.Debug|Any CPU.ActiveCfg = Debug|Any CPU
		{D8326440-4FC2-4AC0-87DF-CFF4484BF64E}.Debug|Any CPU.Build.0 = Debug|Any CPU
		{D8326440-4FC2-4AC0-87DF-CFF4484BF64E}.Release|Any CPU.ActiveCfg = Release|Any CPU
		{D8326440-4FC2-4AC0-87DF-CFF4484BF64E}.Release|Any CPU.Build.0 = Release|Any CPU
		{788E58A6-B59F-4040-A1E6-8370E5610FFC}.Debug|Any CPU.ActiveCfg = Debug|Any CPU
		{788E58A6-B59F-4040-A1E6-8370E5610FFC}.Debug|Any CPU.Build.0 = Debug|Any CPU
		{788E58A6-B59F-4040-A1E6-8370E5610FFC}.Release|Any CPU.ActiveCfg = Release|Any CPU
		{788E58A6-B59F-4040-A1E6-8370E5610FFC}.Release|Any CPU.Build.0 = Release|Any CPU
		{9EFA3FAB-664F-4BA4-81AD-D9E071E501B6}.Debug|Any CPU.ActiveCfg = Debug|Any CPU
		{9EFA3FAB-664F-4BA4-81AD-D9E071E501B6}.Debug|Any CPU.Build.0 = Debug|Any CPU
		{9EFA3FAB-664F-4BA4-81AD-D9E071E501B6}.Release|Any CPU.ActiveCfg = Release|Any CPU
		{9EFA3FAB-664F-4BA4-81AD-D9E071E501B6}.Release|Any CPU.Build.0 = Release|Any CPU
		{518AF92D-FAC5-4156-B41A-B1A3538642F4}.Debug|Any CPU.ActiveCfg = Debug|Any CPU
		{518AF92D-FAC5-4156-B41A-B1A3538642F4}.Debug|Any CPU.Build.0 = Debug|Any CPU
		{518AF92D-FAC5-4156-B41A-B1A3538642F4}.Release|Any CPU.ActiveCfg = Release|Any CPU
		{518AF92D-FAC5-4156-B41A-B1A3538642F4}.Release|Any CPU.Build.0 = Release|Any CPU
		{51236F79-A60D-4777-A181-55BD39961404}.Debug|Any CPU.ActiveCfg = Debug|Any CPU
		{51236F79-A60D-4777-A181-55BD39961404}.Debug|Any CPU.Build.0 = Debug|Any CPU
		{51236F79-A60D-4777-A181-55BD39961404}.Release|Any CPU.ActiveCfg = Release|Any CPU
		{51236F79-A60D-4777-A181-55BD39961404}.Release|Any CPU.Build.0 = Release|Any CPU
		{62FFA399-65E7-4A7A-88BF-58471CC6CDE0}.Debug|Any CPU.ActiveCfg = Debug|Any CPU
		{62FFA399-65E7-4A7A-88BF-58471CC6CDE0}.Debug|Any CPU.Build.0 = Debug|Any CPU
		{62FFA399-65E7-4A7A-88BF-58471CC6CDE0}.Release|Any CPU.ActiveCfg = Release|Any CPU
		{62FFA399-65E7-4A7A-88BF-58471CC6CDE0}.Release|Any CPU.Build.0 = Release|Any CPU
	EndGlobalSection
	GlobalSection(SolutionProperties) = preSolution
		HideSolutionNode = FALSE
	EndGlobalSection
	GlobalSection(ExtensibilityGlobals) = postSolution
		SolutionGuid = {D66DFD90-EF8C-4F2D-9249-F9487FFDF7B1}
	EndGlobalSection
EndGlobal
